Microsoft Visual Studio Solution File, Format Version 12.00
# Visual Studio 2012
Project("{FAE04EC0-301F-11D3-BF4B-00C04F79EFBC}") = "Spacegame Team", "Spacegame Team.csproj", "{F06D1053-3BF7-4552-BCAC-C32492960E5B}"
EndProject
Global
	GlobalSection(SolutionConfigurationPlatforms) = preSolution
	Debug|Any CPU = Debug|Any CPU
	ExportDebug|Any CPU = ExportDebug|Any CPU
	ExportRelease|Any CPU = ExportRelease|Any CPU
	EndGlobalSection
	GlobalSection(ProjectConfigurationPlatforms) = postSolution
		{F06D1053-3BF7-4552-BCAC-C32492960E5B}.Debug|Any CPU.ActiveCfg = Debug|Any CPU
		{F06D1053-3BF7-4552-BCAC-C32492960E5B}.Debug|Any CPU.Build.0 = Debug|Any CPU
		{F06D1053-3BF7-4552-BCAC-C32492960E5B}.ExportDebug|Any CPU.ActiveCfg = ExportDebug|Any CPU
		{F06D1053-3BF7-4552-BCAC-C32492960E5B}.ExportDebug|Any CPU.Build.0 = ExportDebug|Any CPU
		{F06D1053-3BF7-4552-BCAC-C32492960E5B}.ExportRelease|Any CPU.ActiveCfg = ExportRelease|Any CPU
		{F06D1053-3BF7-4552-BCAC-C32492960E5B}.ExportRelease|Any CPU.Build.0 = ExportRelease|Any CPU
	EndGlobalSection
EndGlobal
